
Microsoft Visual Studio Solution File, Format Version 12.00
# Visual Studio 15
VisualStudioVersion = 15.0.27428.2002
MinimumVisualStudioVersion = 10.0.40219.1
Project("{FAE04EC0-301F-11D3-BF4B-00C04F79EFBC}") = "scout", "scout\scout.csproj", "{9081E82B-96C5-4717-8651-44A244F2CE67}"
EndProject
Project("{FAE04EC0-301F-11D3-BF4B-00C04F79EFBC}") = "boss", "boss\boss.csproj", "{F44521F5-8880-49C2-BDA5-0A00E071AFBB}"
EndProject
Global
	GlobalSection(SolutionConfigurationPlatforms) = preSolution
		Debug|Any CPU = Debug|Any CPU
		Release|Any CPU = Release|Any CPU
	EndGlobalSection
	GlobalSection(ProjectConfigurationPlatforms) = postSolution
		{9081E82B-96C5-4717-8651-44A244F2CE67}.Debug|Any CPU.ActiveCfg = Debug|Any CPU
		{9081E82B-96C5-4717-8651-44A244F2CE67}.Debug|Any CPU.Build.0 = Debug|Any CPU
		{9081E82B-96C5-4717-8651-44A244F2CE67}.Release|Any CPU.ActiveCfg = Release|Any CPU
		{9081E82B-96C5-4717-8651-44A244F2CE67}.Release|Any CPU.Build.0 = Release|Any CPU
		{F44521F5-8880-49C2-BDA5-0A00E071AFBB}.Debug|Any CPU.ActiveCfg = Debug|Any CPU
		{F44521F5-8880-49C2-BDA5-0A00E071AFBB}.Debug|Any CPU.Build.0 = Debug|Any CPU
		{F44521F5-8880-49C2-BDA5-0A00E071AFBB}.Release|Any CPU.ActiveCfg = Release|Any CPU
		{F44521F5-8880-49C2-BDA5-0A00E071AFBB}.Release|Any CPU.Build.0 = Release|Any CPU
	EndGlobalSection
	GlobalSection(SolutionProperties) = preSolution
		HideSolutionNode = FALSE
	EndGlobalSection
	GlobalSection(ExtensibilityGlobals) = postSolution
		SolutionGuid = {45BAC2F6-81F2-4673-8B50-0C7370BB2F54}
	EndGlobalSection
EndGlobal
